
Microsoft Visual Studio Solution File, Format Version 12.00
Project("{FAE04EC0-301F-11D3-BF4B-00C04F79EFBC}") = "KayneVsRonQuotes", "KayneVsRonQuotes\KayneVsRonQuotes.csproj", "{0FE77EE8-95C7-4502-8401-4975F90DE231}"
EndProject
Global
	GlobalSection(SolutionConfigurationPlatforms) = preSolution
		Debug|Any CPU = Debug|Any CPU
		Release|Any CPU = Release|Any CPU
	EndGlobalSection
	GlobalSection(ProjectConfigurationPlatforms) = postSolution
		{0FE77EE8-95C7-4502-8401-4975F90DE231}.Debug|Any CPU.ActiveCfg = Debug|Any CPU
		{0FE77EE8-95C7-4502-8401-4975F90DE231}.Debug|Any CPU.Build.0 = Debug|Any CPU
		{0FE77EE8-95C7-4502-8401-4975F90DE231}.Release|Any CPU.ActiveCfg = Release|Any CPU
		{0FE77EE8-95C7-4502-8401-4975F90DE231}.Release|Any CPU.Build.0 = Release|Any CPU
	EndGlobalSection
EndGlobal
